
Microsoft Visual Studio Solution File, Format Version 12.00
# Visual Studio Version 17
VisualStudioVersion = 17.0.31919.166
MinimumVisualStudioVersion = 10.0.40219.1
Project("{FAE04EC0-301F-11D3-BF4B-00C04F79EFBC}") = "ExemploConstrutores", "ExemploConstrutores\ExemploConstrutores.csproj", "{0B048825-9E57-4C87-9481-6E0FE5F5BCB6}"
EndProject
Global
	GlobalSection(SolutionConfigurationPlatforms) = preSolution
		Debug|Any CPU = Debug|Any CPU
		Release|Any CPU = Release|Any CPU
	EndGlobalSection
	GlobalSection(ProjectConfigurationPlatforms) = postSolution
		{0B048825-9E57-4C87-9481-6E0FE5F5BCB6}.Debug|Any CPU.ActiveCfg = Debug|Any CPU
		{0B048825-9E57-4C87-9481-6E0FE5F5BCB6}.Debug|Any CPU.Build.0 = Debug|Any CPU
		{0B048825-9E57-4C87-9481-6E0FE5F5BCB6}.Release|Any CPU.ActiveCfg = Release|Any CPU
		{0B048825-9E57-4C87-9481-6E0FE5F5BCB6}.Release|Any CPU.Build.0 = Release|Any CPU
	EndGlobalSection
	GlobalSection(SolutionProperties) = preSolution
		HideSolutionNode = FALSE
	EndGlobalSection
	GlobalSection(ExtensibilityGlobals) = postSolution
		SolutionGuid = {A755FFF1-B8B9-4095-A4F9-93DE84B850AE}
	EndGlobalSection
EndGlobal
